{
  "projects": [
    {
      "projectId": "5GT6nVB5WgvLWb2iBXTk1E",
      "version": "latest",
      "dependencies": {},
      "lang": "js",
      "fileLocks": [
        {
          "type": "globalVariant",
          "assetId": "3dzorveOJuo",
          "checksum": "89058d41069aba1d7a8fa85f4f6f08ff"
        },
        {
          "type": "renderModule",
          "assetId": "-IFVXjvXAy",
          "checksum": "b6eb0863fc1ddd0411d3917f58b9ef8f"
        },
        {
          "type": "cssRules",
          "assetId": "-IFVXjvXAy",
          "checksum": "b6eb0863fc1ddd0411d3917f58b9ef8f"
        },
        {
          "type": "image",
          "assetId": "CkfWY1O18",
          "checksum": "248acad3f18d9eea97337d1caf5c2899"
        },
        {
          "type": "renderModule",
          "assetId": "6t7XsFT2Kl",
          "checksum": "2732aad3f82b31a52315b2f587d3624d"
        },
        {
          "type": "cssRules",
          "assetId": "6t7XsFT2Kl",
          "checksum": "2732aad3f82b31a52315b2f587d3624d"
        },
        {
          "type": "image",
          "assetId": "CCgMlOoKL",
          "checksum": "76c48a2030dbe8f371e929fb5e6e10fb"
        },
        {
          "type": "renderModule",
          "assetId": "oO9WDKxuzZ",
          "checksum": "eb6e4ba0d96c38ecaa83c60f1d8b31b6"
        },
        {
          "type": "cssRules",
          "assetId": "oO9WDKxuzZ",
          "checksum": "eb6e4ba0d96c38ecaa83c60f1d8b31b6"
        },
        {
          "type": "renderModule",
          "assetId": "3U0yQFHko6",
          "checksum": "580d89a6af0ce6b871a170b2ea42b59f"
        },
        {
          "type": "cssRules",
          "assetId": "3U0yQFHko6",
          "checksum": "580d89a6af0ce6b871a170b2ea42b59f"
        },
        {
          "type": "icon",
          "assetId": "kyFiuHtN27",
          "checksum": "8101d8165fd828d4aa0886d7bc30abc6"
        },
        {
          "type": "icon",
          "assetId": "Qs33FuEWF8",
          "checksum": "33547f8e87a7a546d0012f034dd3ae9f"
        },
        {
          "type": "image",
          "assetId": "DSMBtC8Eu",
          "checksum": "eab8c323a5e89d2ef412dbf905dbd0fe"
        },
        {
          "type": "icon",
          "assetId": "t03HLUmzDo",
          "checksum": "e9abf74e4c0fbe5c9e2d9337b65bb1f6"
        },
        {
          "type": "icon",
          "assetId": "4UM19J96QF",
          "checksum": "73bbc66170a56411d4fdd2c23eeda7a4"
        },
        {
          "type": "icon",
          "assetId": "_GSl-n9Tlj",
          "checksum": "5c6dbe68bae3bda73f522f0e8a36ca86"
        },
        {
          "type": "icon",
          "assetId": "f0NnJCigt0",
          "checksum": "eda399c04778e799742411868d2fadbc"
        },
        {
          "type": "icon",
          "assetId": "dIHEVH_AbO",
          "checksum": "ff8a85a954b9efcc3d893a04f323b68e"
        },
        {
          "type": "icon",
          "assetId": "CkwfuA_xPd",
          "checksum": "1a4dc670196452f82d6d08d74105adaa"
        },
        {
          "type": "icon",
          "assetId": "rNhz7G3CRWv",
          "checksum": "4165bf937e02a1ec7cf4373d6ad7c8b1"
        },
        {
          "type": "icon",
          "assetId": "gQuhtMPvvD_",
          "checksum": "8187f8413bd940b0ca012d666e019083"
        },
        {
          "type": "icon",
          "assetId": "CHBWc4ULB",
          "checksum": "07f3c863c68ee670e026897bc249f79c"
        },
        {
          "type": "icon",
          "assetId": "bKrlKePt1s",
          "checksum": "6fa2ca3eae3d90612a643a75df213916"
        },
        {
          "type": "icon",
          "assetId": "BFWMw0OAhM",
          "checksum": "01712285cb7e68bcd8ef342b0a2e5ca3"
        },
        {
          "type": "icon",
          "assetId": "XJof56yAyP",
          "checksum": "cafa487032f53c56188d8ade5bf6821c"
        },
        {
          "type": "image",
          "assetId": "zCD9nxc0O",
          "checksum": "9d2966d4278dd528d63c11d1d539fa3a"
        },
        {
          "type": "image",
          "assetId": "R5Kd9qWi24I",
          "checksum": "67ce633f47ec9bee0f5e679a05136c0f"
        },
        {
          "type": "image",
          "assetId": "JOiMvfCgs8W",
          "checksum": "62f55f53a0b884f027fd103a719f4ef4"
        },
        {
          "type": "icon",
          "assetId": "oUB_LRSSgs",
          "checksum": "6cb062adf3fcf2bb2453c5fe7ac91f82"
        },
        {
          "type": "renderModule",
          "assetId": "oSXCQ8ez26",
          "checksum": "41514508e34cd77716456c1669e0d5ee"
        },
        {
          "type": "cssRules",
          "assetId": "oSXCQ8ez26",
          "checksum": "41514508e34cd77716456c1669e0d5ee"
        },
        {
          "type": "image",
          "assetId": "9HQSyxke-",
          "checksum": "e578be1787eca271497e4024ed2e5306"
        },
        {
          "type": "image",
          "assetId": "B3LtWjF49",
          "checksum": "d117ddaa6e344d7d590334f96a6a3f7b"
        },
        {
          "type": "renderModule",
          "assetId": "4t9Lx1xGXs",
          "checksum": "09844df3059f2588851a009c89ec987e"
        },
        {
          "type": "cssRules",
          "assetId": "4t9Lx1xGXs",
          "checksum": "09844df3059f2588851a009c89ec987e"
        },
        {
          "type": "renderModule",
          "assetId": "Pzz-_WqNylx",
          "checksum": "6b5eec6d55e339f3ae0a279a2b3d4a03"
        },
        {
          "type": "cssRules",
          "assetId": "Pzz-_WqNylx",
          "checksum": "6b5eec6d55e339f3ae0a279a2b3d4a03"
        },
        {
          "type": "image",
          "assetId": "eSQzAuv1i",
          "checksum": "297beb0cc25fde10876184a1b0e71105"
        },
        {
          "type": "image",
          "assetId": "sVLj9HPCG",
          "checksum": "eac676de0745c41640f4006daf543b1e"
        },
        {
          "type": "image",
          "assetId": "aYs6enUuj",
          "checksum": "48e6c52d4037068eb2c43331852172b6"
        },
        {
          "type": "image",
          "assetId": "uneR0OkrA",
          "checksum": "33f2116c8e137a174875bd76d21abda4"
        },
        {
          "type": "image",
          "assetId": "gV6-7uXTi",
          "checksum": "be208549debc5b09823a6120d958197c"
        },
        {
          "type": "image",
          "assetId": "n5e9rn6nN",
          "checksum": "ca36d03e2f10f0e5f28b37c02670c62b"
        },
        {
          "type": "renderModule",
          "assetId": "eZig3v-AJ7",
          "checksum": "77c3c8883c323fd2573354aa2f8ad74c"
        },
        {
          "type": "cssRules",
          "assetId": "eZig3v-AJ7",
          "checksum": "77c3c8883c323fd2573354aa2f8ad74c"
        },
        {
          "type": "image",
          "assetId": "BtkiU9MPF1",
          "checksum": "ccf7a90ef74cdf828f9b1f16abc7a5f1"
        },
        {
          "type": "image",
          "assetId": "cm7bF_hgFe",
          "checksum": "56dae592049cebb68b997c1dd82ad00f"
        },
        {
          "type": "renderModule",
          "assetId": "lzrj0EFvzjD",
          "checksum": "217b345412976023c47305044ecf5894"
        },
        {
          "type": "cssRules",
          "assetId": "lzrj0EFvzjD",
          "checksum": "217b345412976023c47305044ecf5894"
        },
        {
          "type": "renderModule",
          "assetId": "hVy-CJexZCU",
          "checksum": "f1db1e4587d1871e038e7bec24f5c7a0"
        },
        {
          "type": "cssRules",
          "assetId": "hVy-CJexZCU",
          "checksum": "f1db1e4587d1871e038e7bec24f5c7a0"
        },
        {
          "type": "image",
          "assetId": "gLc33SViJ",
          "checksum": "5c91f84868fa2b38e916aad8c65fd7a5"
        },
        {
          "type": "renderModule",
          "assetId": "yl_7FX-no3",
          "checksum": "d45f36804dfe8b3aabe4eeeb1bcb28b5"
        },
        {
          "type": "cssRules",
          "assetId": "yl_7FX-no3",
          "checksum": "d45f36804dfe8b3aabe4eeeb1bcb28b5"
        },
        {
          "type": "renderModule",
          "assetId": "en6sGenXXJ",
          "checksum": "b62349ba6ebfaebe28b5e774929f10af"
        },
        {
          "type": "cssRules",
          "assetId": "en6sGenXXJ",
          "checksum": "b62349ba6ebfaebe28b5e774929f10af"
        },
        {
          "type": "renderModule",
          "assetId": "9pj4k2Np_V6",
          "checksum": "b9574f699b7434b443fa18b29de1bd88"
        },
        {
          "type": "cssRules",
          "assetId": "9pj4k2Np_V6",
          "checksum": "b9574f699b7434b443fa18b29de1bd88"
        },
        {
          "assetId": "5GT6nVB5WgvLWb2iBXTk1E",
          "type": "projectCss",
          "checksum": "ca984db048c2bf3034a5db89f8c3f74a"
        }
      ]
    }
  ],
  "cliVersion": "0.1.166"
}
