{
  "projects": [
    {
      "projectId": "5GT6nVB5WgvLWb2iBXTk1E",
      "version": "latest",
      "dependencies": {},
      "lang": "js",
      "fileLocks": [
        {
          "type": "globalVariant",
          "assetId": "3dzorveOJuo",
          "checksum": "89058d41069aba1d7a8fa85f4f6f08ff"
        },
        {
          "type": "renderModule",
          "assetId": "-IFVXjvXAy",
          "checksum": "3ca64cb0100c0c9423a81e7556dddc9d"
        },
        {
          "type": "cssRules",
          "assetId": "-IFVXjvXAy",
          "checksum": "3ca64cb0100c0c9423a81e7556dddc9d"
        },
        {
          "type": "image",
          "assetId": "CCgMlOoKL",
          "checksum": "76c48a2030dbe8f371e929fb5e6e10fb"
        },
        {
          "type": "renderModule",
          "assetId": "oO9WDKxuzZ",
          "checksum": "f8428a09141723123387adae7c83146d"
        },
        {
          "type": "cssRules",
          "assetId": "oO9WDKxuzZ",
          "checksum": "f8428a09141723123387adae7c83146d"
        },
        {
          "type": "renderModule",
          "assetId": "3U0yQFHko6",
          "checksum": "38a0865d6d7712c2a25c329b1468f92e"
        },
        {
          "type": "cssRules",
          "assetId": "3U0yQFHko6",
          "checksum": "38a0865d6d7712c2a25c329b1468f92e"
        },
        {
          "type": "icon",
          "assetId": "kyFiuHtN27",
          "checksum": "8101d8165fd828d4aa0886d7bc30abc6"
        },
        {
          "type": "icon",
          "assetId": "Qs33FuEWF8",
          "checksum": "33547f8e87a7a546d0012f034dd3ae9f"
        },
        {
          "type": "image",
          "assetId": "DSMBtC8Eu",
          "checksum": "eab8c323a5e89d2ef412dbf905dbd0fe"
        },
        {
          "type": "icon",
          "assetId": "t03HLUmzDo",
          "checksum": "e9abf74e4c0fbe5c9e2d9337b65bb1f6"
        },
        {
          "type": "icon",
          "assetId": "4UM19J96QF",
          "checksum": "73bbc66170a56411d4fdd2c23eeda7a4"
        },
        {
          "type": "icon",
          "assetId": "_GSl-n9Tlj",
          "checksum": "5c6dbe68bae3bda73f522f0e8a36ca86"
        },
        {
          "type": "icon",
          "assetId": "f0NnJCigt0",
          "checksum": "eda399c04778e799742411868d2fadbc"
        },
        {
          "type": "icon",
          "assetId": "dIHEVH_AbO",
          "checksum": "ff8a85a954b9efcc3d893a04f323b68e"
        },
        {
          "type": "icon",
          "assetId": "CkwfuA_xPd",
          "checksum": "1a4dc670196452f82d6d08d74105adaa"
        },
        {
          "type": "icon",
          "assetId": "rNhz7G3CRWv",
          "checksum": "4165bf937e02a1ec7cf4373d6ad7c8b1"
        },
        {
          "type": "icon",
          "assetId": "gQuhtMPvvD_",
          "checksum": "8187f8413bd940b0ca012d666e019083"
        },
        {
          "type": "icon",
          "assetId": "CHBWc4ULB",
          "checksum": "07f3c863c68ee670e026897bc249f79c"
        },
        {
          "type": "icon",
          "assetId": "bKrlKePt1s",
          "checksum": "6fa2ca3eae3d90612a643a75df213916"
        },
        {
          "type": "icon",
          "assetId": "BFWMw0OAhM",
          "checksum": "01712285cb7e68bcd8ef342b0a2e5ca3"
        },
        {
          "type": "icon",
          "assetId": "XJof56yAyP",
          "checksum": "cafa487032f53c56188d8ade5bf6821c"
        },
        {
          "type": "image",
          "assetId": "zCD9nxc0O",
          "checksum": "9d2966d4278dd528d63c11d1d539fa3a"
        },
        {
          "type": "image",
          "assetId": "R5Kd9qWi24I",
          "checksum": "67ce633f47ec9bee0f5e679a05136c0f"
        },
        {
          "type": "image",
          "assetId": "JOiMvfCgs8W",
          "checksum": "62f55f53a0b884f027fd103a719f4ef4"
        },
        {
          "type": "icon",
          "assetId": "oUB_LRSSgs",
          "checksum": "6cb062adf3fcf2bb2453c5fe7ac91f82"
        },
        {
          "type": "renderModule",
          "assetId": "oSXCQ8ez26",
          "checksum": "ff2512935f06db9382ce2178da5b7267"
        },
        {
          "type": "cssRules",
          "assetId": "oSXCQ8ez26",
          "checksum": "ff2512935f06db9382ce2178da5b7267"
        },
        {
          "type": "image",
          "assetId": "9HQSyxke-",
          "checksum": "e578be1787eca271497e4024ed2e5306"
        },
        {
          "type": "image",
          "assetId": "B3LtWjF49",
          "checksum": "d117ddaa6e344d7d590334f96a6a3f7b"
        },
        {
          "type": "renderModule",
          "assetId": "4t9Lx1xGXs",
          "checksum": "4d37201331598904483aa48eb1739351"
        },
        {
          "type": "cssRules",
          "assetId": "4t9Lx1xGXs",
          "checksum": "4d37201331598904483aa48eb1739351"
        },
        {
          "type": "renderModule",
          "assetId": "Pzz-_WqNylx",
          "checksum": "8ff14d2416ae99bb026c08df060e842c"
        },
        {
          "type": "cssRules",
          "assetId": "Pzz-_WqNylx",
          "checksum": "8ff14d2416ae99bb026c08df060e842c"
        },
        {
          "type": "image",
          "assetId": "eSQzAuv1i",
          "checksum": "297beb0cc25fde10876184a1b0e71105"
        },
        {
          "type": "image",
          "assetId": "sVLj9HPCG",
          "checksum": "eac676de0745c41640f4006daf543b1e"
        },
        {
          "type": "image",
          "assetId": "aYs6enUuj",
          "checksum": "48e6c52d4037068eb2c43331852172b6"
        },
        {
          "type": "image",
          "assetId": "uneR0OkrA",
          "checksum": "33f2116c8e137a174875bd76d21abda4"
        },
        {
          "type": "image",
          "assetId": "gV6-7uXTi",
          "checksum": "be208549debc5b09823a6120d958197c"
        },
        {
          "type": "image",
          "assetId": "n5e9rn6nN",
          "checksum": "ca36d03e2f10f0e5f28b37c02670c62b"
        },
        {
          "type": "renderModule",
          "assetId": "eZig3v-AJ7",
          "checksum": "9ef366db14af26d162ce2e2adc271f21"
        },
        {
          "type": "cssRules",
          "assetId": "eZig3v-AJ7",
          "checksum": "9ef366db14af26d162ce2e2adc271f21"
        },
        {
          "type": "image",
          "assetId": "BtkiU9MPF1",
          "checksum": "ccf7a90ef74cdf828f9b1f16abc7a5f1"
        },
        {
          "type": "image",
          "assetId": "cm7bF_hgFe",
          "checksum": "56dae592049cebb68b997c1dd82ad00f"
        },
        {
          "type": "renderModule",
          "assetId": "hVy-CJexZCU",
          "checksum": "b9dff87063502839bb4e28bd6fae7249"
        },
        {
          "type": "cssRules",
          "assetId": "hVy-CJexZCU",
          "checksum": "b9dff87063502839bb4e28bd6fae7249"
        },
        {
          "type": "image",
          "assetId": "gLc33SViJ",
          "checksum": "5c91f84868fa2b38e916aad8c65fd7a5"
        },
        {
          "type": "renderModule",
          "assetId": "yl_7FX-no3",
          "checksum": "2d97a57aa913f87fe53e807a48b5620f"
        },
        {
          "type": "cssRules",
          "assetId": "yl_7FX-no3",
          "checksum": "2d97a57aa913f87fe53e807a48b5620f"
        },
        {
          "type": "renderModule",
          "assetId": "en6sGenXXJ",
          "checksum": "47df533f6500a26d526146278a229a65"
        },
        {
          "type": "cssRules",
          "assetId": "en6sGenXXJ",
          "checksum": "47df533f6500a26d526146278a229a65"
        },
        {
          "type": "renderModule",
          "assetId": "9pj4k2Np_V6",
          "checksum": "ae84e8954ba7cb0746ecf137b53f1acc"
        },
        {
          "type": "cssRules",
          "assetId": "9pj4k2Np_V6",
          "checksum": "ae84e8954ba7cb0746ecf137b53f1acc"
        },
        {
          "type": "image",
          "assetId": "CkfWY1O18",
          "checksum": "248acad3f18d9eea97337d1caf5c2899"
        },
        {
          "type": "renderModule",
          "assetId": "-PLz2ilC-Zc",
          "checksum": "2f7b6b97e47bb05a9f91b092f6dbe86b"
        },
        {
          "type": "cssRules",
          "assetId": "-PLz2ilC-Zc",
          "checksum": "2f7b6b97e47bb05a9f91b092f6dbe86b"
        },
        {
          "type": "renderModule",
          "assetId": "06rRaje_XQa",
          "checksum": "cced614bc51fa0525c0691f62de58019"
        },
        {
          "type": "cssRules",
          "assetId": "06rRaje_XQa",
          "checksum": "cced614bc51fa0525c0691f62de58019"
        },
        {
          "type": "renderModule",
          "assetId": "iw-eFb-beX",
          "checksum": "bbb8d4c28fc6366ca0dc2fc71b19694b"
        },
        {
          "type": "cssRules",
          "assetId": "iw-eFb-beX",
          "checksum": "bbb8d4c28fc6366ca0dc2fc71b19694b"
        },
        {
          "type": "renderModule",
          "assetId": "6aKy4XMcUD",
          "checksum": "6186e4d0a1eed7fd1c963cfee3acfe2d"
        },
        {
          "type": "cssRules",
          "assetId": "6aKy4XMcUD",
          "checksum": "6186e4d0a1eed7fd1c963cfee3acfe2d"
        },
        {
          "type": "renderModule",
          "assetId": "mnEoyzyDnh9",
          "checksum": "ce6ba857d271bc293b9200c07adc5c59"
        },
        {
          "type": "cssRules",
          "assetId": "mnEoyzyDnh9",
          "checksum": "ce6ba857d271bc293b9200c07adc5c59"
        },
        {
          "type": "renderModule",
          "assetId": "GfOnuJJfzl",
          "checksum": "ea356b830e736d0458c5c02031610159"
        },
        {
          "type": "cssRules",
          "assetId": "GfOnuJJfzl",
          "checksum": "ea356b830e736d0458c5c02031610159"
        },
        {
          "type": "renderModule",
          "assetId": "gxqULl1fJ4I",
          "checksum": "78a4c9989496e8de28fbd8e8b949707e"
        },
        {
          "type": "cssRules",
          "assetId": "gxqULl1fJ4I",
          "checksum": "78a4c9989496e8de28fbd8e8b949707e"
        },
        {
          "type": "icon",
          "assetId": "-qhPAIKQzS8",
          "checksum": "7300b087f00d33c0d98457bfaea22e13"
        },
        {
          "type": "icon",
          "assetId": "4oAEIGXQW5W",
          "checksum": "b10b5adb1a023e5f4dfb77a260cae6f0"
        },
        {
          "type": "image",
          "assetId": "h0YtZTpqU",
          "checksum": "80a3a5b24760829a0b1e099fa20595e4"
        },
        {
          "type": "renderModule",
          "assetId": "J0RfGE8oivh",
          "checksum": "cab9457dfa136a7c80dddb859be754a2"
        },
        {
          "type": "cssRules",
          "assetId": "J0RfGE8oivh",
          "checksum": "cab9457dfa136a7c80dddb859be754a2"
        },
        {
          "type": "renderModule",
          "assetId": "mUo8dNu01S5",
          "checksum": "c1f70edae0be109e52d6eb6762aaede0"
        },
        {
          "type": "cssRules",
          "assetId": "mUo8dNu01S5",
          "checksum": "c1f70edae0be109e52d6eb6762aaede0"
        },
        {
          "type": "renderModule",
          "assetId": "Q64C15q-hHA",
          "checksum": "5aa7cf22c3ed0345ecab1d2884a15ea6"
        },
        {
          "type": "cssRules",
          "assetId": "Q64C15q-hHA",
          "checksum": "5aa7cf22c3ed0345ecab1d2884a15ea6"
        },
        {
          "type": "renderModule",
          "assetId": "XGiynfTTfjk",
          "checksum": "48e4fa6410adcf5c89d8cb9448e6c4d4"
        },
        {
          "type": "cssRules",
          "assetId": "XGiynfTTfjk",
          "checksum": "48e4fa6410adcf5c89d8cb9448e6c4d4"
        },
        {
          "type": "renderModule",
          "assetId": "jTt4NZSuBM5",
          "checksum": "0330eb203fb568fdfa040796fb104709"
        },
        {
          "type": "cssRules",
          "assetId": "jTt4NZSuBM5",
          "checksum": "0330eb203fb568fdfa040796fb104709"
        },
        {
          "type": "renderModule",
          "assetId": "e2P0A2Lkpp2",
          "checksum": "b5b14511f887a38fa4cd086ca9c2385a"
        },
        {
          "type": "cssRules",
          "assetId": "e2P0A2Lkpp2",
          "checksum": "b5b14511f887a38fa4cd086ca9c2385a"
        },
        {
          "type": "renderModule",
          "assetId": "cIj7QK_Ydt",
          "checksum": "a9cbb422f403aeec08e090ef4e0195df"
        },
        {
          "type": "cssRules",
          "assetId": "cIj7QK_Ydt",
          "checksum": "a9cbb422f403aeec08e090ef4e0195df"
        },
        {
          "type": "renderModule",
          "assetId": "1vHlwVANzy",
          "checksum": "65dd88b816fdad5d80e7412b29636453"
        },
        {
          "type": "cssRules",
          "assetId": "1vHlwVANzy",
          "checksum": "65dd88b816fdad5d80e7412b29636453"
        },
        {
          "type": "renderModule",
          "assetId": "PjaCRJxgT2C",
          "checksum": "eef53879b26b166ae2ada544faf147a0"
        },
        {
          "type": "cssRules",
          "assetId": "PjaCRJxgT2C",
          "checksum": "eef53879b26b166ae2ada544faf147a0"
        },
        {
          "type": "renderModule",
          "assetId": "6TPZ3f8kLA",
          "checksum": "53ed0c66f63cc61e3a9e2797702e9ca3"
        },
        {
          "type": "cssRules",
          "assetId": "6TPZ3f8kLA",
          "checksum": "53ed0c66f63cc61e3a9e2797702e9ca3"
        },
        {
          "type": "renderModule",
          "assetId": "sO5m3uTzIQI",
          "checksum": "66b437af159eed5157fccee0341fdf6a"
        },
        {
          "type": "cssRules",
          "assetId": "sO5m3uTzIQI",
          "checksum": "66b437af159eed5157fccee0341fdf6a"
        },
        {
          "type": "image",
          "assetId": "yNLWra0xN",
          "checksum": "d76a177c7cce5471bb4e4039d0ff4aca"
        },
        {
          "type": "renderModule",
          "assetId": "-AHNFgrq_W",
          "checksum": "8069b477ef2f721158fa434e4130da92"
        },
        {
          "type": "cssRules",
          "assetId": "-AHNFgrq_W",
          "checksum": "8069b477ef2f721158fa434e4130da92"
        },
        {
          "type": "image",
          "assetId": "1jPHQzDMb",
          "checksum": "db21ce71d8d54b7960ed911222586546"
        },
        {
          "type": "image",
          "assetId": "BeOjXVnrF",
          "checksum": "511404ed8309037a6f37f359c193561e"
        },
        {
          "type": "renderModule",
          "assetId": "x2pLauCnbh",
          "checksum": "246e54b40b609ea3bcc55e9375a7501a"
        },
        {
          "type": "cssRules",
          "assetId": "x2pLauCnbh",
          "checksum": "246e54b40b609ea3bcc55e9375a7501a"
        },
        {
          "type": "renderModule",
          "assetId": "o6G4BuSWdP",
          "checksum": "8ed9e195ca940166e9e94c93715a7631"
        },
        {
          "type": "cssRules",
          "assetId": "o6G4BuSWdP",
          "checksum": "8ed9e195ca940166e9e94c93715a7631"
        },
        {
          "type": "renderModule",
          "assetId": "bzHmxPkXfz",
          "checksum": "b11af8ed59b7423d44f0a55bf033d0f8"
        },
        {
          "type": "cssRules",
          "assetId": "bzHmxPkXfz",
          "checksum": "b11af8ed59b7423d44f0a55bf033d0f8"
        },
        {
          "type": "renderModule",
          "assetId": "VbRSYfy5QO",
          "checksum": "011a1b6859243126b9e8a5eaa5f523d9"
        },
        {
          "type": "cssRules",
          "assetId": "VbRSYfy5QO",
          "checksum": "011a1b6859243126b9e8a5eaa5f523d9"
        },
        {
          "type": "renderModule",
          "assetId": "Au9KGpvOoQJ",
          "checksum": "5a6bd8f367d5ae4a08c4d9ccf69097c9"
        },
        {
          "type": "cssRules",
          "assetId": "Au9KGpvOoQJ",
          "checksum": "5a6bd8f367d5ae4a08c4d9ccf69097c9"
        },
        {
          "type": "renderModule",
          "assetId": "hMBG4xd795",
          "checksum": "df6a8def829fbf4026774f33008eb66e"
        },
        {
          "type": "cssRules",
          "assetId": "hMBG4xd795",
          "checksum": "df6a8def829fbf4026774f33008eb66e"
        },
        {
          "type": "icon",
          "assetId": "fZFeFQ1xXHI",
          "checksum": "2b7daaaa21b8cf7b6690135a1a24f645"
        },
        {
          "type": "image",
          "assetId": "CElcJ-uRD",
          "checksum": "67722472b1a99f4b7330cd8779429ebe"
        },
        {
          "type": "image",
          "assetId": "w8qpzIfCa",
          "checksum": "1381de28a35ed8c42e38a1a9be76816f"
        },
        {
          "type": "image",
          "assetId": "47KuMqplh",
          "checksum": "7949f87f25e983f43395ac598b0f48d6"
        },
        {
          "type": "renderModule",
          "assetId": "jtDyJZa633I",
          "checksum": "9836c1fa316a3d436f4ace3a3efac735"
        },
        {
          "type": "cssRules",
          "assetId": "jtDyJZa633I",
          "checksum": "9836c1fa316a3d436f4ace3a3efac735"
        },
        {
          "type": "image",
          "assetId": "HGAmrlKga",
          "checksum": "5549eb15edd854c38679846f7eafa7cb"
        },
        {
          "type": "image",
          "assetId": "G_ap4vAJ-",
          "checksum": "09596c72d58a74e9a30832ac455c9ed1"
        },
        {
          "type": "renderModule",
          "assetId": "M_3KOK53V1n",
          "checksum": "74beb9394b2426b0524938200c997365"
        },
        {
          "type": "cssRules",
          "assetId": "M_3KOK53V1n",
          "checksum": "74beb9394b2426b0524938200c997365"
        },
        {
          "type": "renderModule",
          "assetId": "KniaaOoC0Y",
          "checksum": "441fb18378dc93fb343538894be95134"
        },
        {
          "type": "cssRules",
          "assetId": "KniaaOoC0Y",
          "checksum": "441fb18378dc93fb343538894be95134"
        },
        {
          "type": "image",
          "assetId": "LQaV-MFwh",
          "checksum": "8313a2b29091b8e929998fce43130daa"
        },
        {
          "type": "image",
          "assetId": "cNH78Isab",
          "checksum": "3a363e33ba16911535d999d9647d4b89"
        },
        {
          "type": "renderModule",
          "assetId": "q50-pcd5Qb2",
          "checksum": "e64b649dde82944568db81d8684f5e54"
        },
        {
          "type": "cssRules",
          "assetId": "q50-pcd5Qb2",
          "checksum": "e64b649dde82944568db81d8684f5e54"
        },
        {
          "type": "renderModule",
          "assetId": "DRfnTEvX2_-",
          "checksum": "7103a1e6422f0447db4fecdb10346e41"
        },
        {
          "type": "cssRules",
          "assetId": "DRfnTEvX2_-",
          "checksum": "7103a1e6422f0447db4fecdb10346e41"
        },
        {
          "type": "renderModule",
          "assetId": "MF2jR67lEGM",
          "checksum": "aeb83a549728ba4c7f3e575555604f50"
        },
        {
          "type": "cssRules",
          "assetId": "MF2jR67lEGM",
          "checksum": "aeb83a549728ba4c7f3e575555604f50"
        },
        {
          "type": "renderModule",
          "assetId": "A5pFafQu1KH",
          "checksum": "6e2775d63fc8b5856c4b3ef9ac874a87"
        },
        {
          "type": "cssRules",
          "assetId": "A5pFafQu1KH",
          "checksum": "6e2775d63fc8b5856c4b3ef9ac874a87"
        },
        {
          "type": "renderModule",
          "assetId": "w2UXL2C0zHp",
          "checksum": "ae73c06dec43e9155db7a2403ecb47c3"
        },
        {
          "type": "cssRules",
          "assetId": "w2UXL2C0zHp",
          "checksum": "ae73c06dec43e9155db7a2403ecb47c3"
        },
        {
          "type": "renderModule",
          "assetId": "ArxPBuBw6bS",
          "checksum": "ff7b504c33214fe2429414cc5a577aa5"
        },
        {
          "type": "cssRules",
          "assetId": "ArxPBuBw6bS",
          "checksum": "ff7b504c33214fe2429414cc5a577aa5"
        },
        {
          "type": "renderModule",
          "assetId": "gcDEsY1usqj",
          "checksum": "eba9117bc178244d62a9dbcef4f089ad"
        },
        {
          "type": "cssRules",
          "assetId": "gcDEsY1usqj",
          "checksum": "eba9117bc178244d62a9dbcef4f089ad"
        },
        {
          "type": "renderModule",
          "assetId": "lNGrbVnAP6A",
          "checksum": "f04e91dcf9b474297c8c565d28162a91"
        },
        {
          "type": "cssRules",
          "assetId": "lNGrbVnAP6A",
          "checksum": "f04e91dcf9b474297c8c565d28162a91"
        },
        {
          "assetId": "5GT6nVB5WgvLWb2iBXTk1E",
          "type": "projectCss",
          "checksum": "c2432e4edf5412fdae2431ba31ece6bb"
        }
      ],
      "codegenVersion": "0.0.1"
    }
  ],
  "cliVersion": "0.1.166"
}
