{
  "projects": [
    {
      "projectId": "5GT6nVB5WgvLWb2iBXTk1E",
      "version": "latest",
      "dependencies": {},
      "lang": "js",
      "fileLocks": [
        {
          "type": "globalVariant",
          "assetId": "3dzorveOJuo",
          "checksum": "89058d41069aba1d7a8fa85f4f6f08ff"
        },
        {
          "type": "renderModule",
          "assetId": "-IFVXjvXAy",
          "checksum": "8ac74e1def421f3c506730ddde516ab2"
        },
        {
          "type": "cssRules",
          "assetId": "-IFVXjvXAy",
          "checksum": "8ac74e1def421f3c506730ddde516ab2"
        },
        {
          "type": "renderModule",
          "assetId": "6t7XsFT2Kl",
          "checksum": "18aceaa8c8722b11150e0cca57580c5a"
        },
        {
          "type": "cssRules",
          "assetId": "6t7XsFT2Kl",
          "checksum": "18aceaa8c8722b11150e0cca57580c5a"
        },
        {
          "type": "image",
          "assetId": "CCgMlOoKL",
          "checksum": "76c48a2030dbe8f371e929fb5e6e10fb"
        },
        {
          "type": "renderModule",
          "assetId": "oO9WDKxuzZ",
          "checksum": "3cabc8739ded1eb5d5683716d504da07"
        },
        {
          "type": "cssRules",
          "assetId": "oO9WDKxuzZ",
          "checksum": "3cabc8739ded1eb5d5683716d504da07"
        },
        {
          "type": "renderModule",
          "assetId": "3U0yQFHko6",
          "checksum": "3f079c20c5bb23e8371219ffce7baf9c"
        },
        {
          "type": "cssRules",
          "assetId": "3U0yQFHko6",
          "checksum": "3f079c20c5bb23e8371219ffce7baf9c"
        },
        {
          "type": "icon",
          "assetId": "kyFiuHtN27",
          "checksum": "8101d8165fd828d4aa0886d7bc30abc6"
        },
        {
          "type": "icon",
          "assetId": "Qs33FuEWF8",
          "checksum": "33547f8e87a7a546d0012f034dd3ae9f"
        },
        {
          "type": "image",
          "assetId": "DSMBtC8Eu",
          "checksum": "eab8c323a5e89d2ef412dbf905dbd0fe"
        },
        {
          "type": "icon",
          "assetId": "t03HLUmzDo",
          "checksum": "e9abf74e4c0fbe5c9e2d9337b65bb1f6"
        },
        {
          "type": "icon",
          "assetId": "4UM19J96QF",
          "checksum": "73bbc66170a56411d4fdd2c23eeda7a4"
        },
        {
          "type": "icon",
          "assetId": "_GSl-n9Tlj",
          "checksum": "5c6dbe68bae3bda73f522f0e8a36ca86"
        },
        {
          "type": "icon",
          "assetId": "f0NnJCigt0",
          "checksum": "eda399c04778e799742411868d2fadbc"
        },
        {
          "type": "icon",
          "assetId": "dIHEVH_AbO",
          "checksum": "ff8a85a954b9efcc3d893a04f323b68e"
        },
        {
          "type": "icon",
          "assetId": "CkwfuA_xPd",
          "checksum": "1a4dc670196452f82d6d08d74105adaa"
        },
        {
          "type": "icon",
          "assetId": "rNhz7G3CRWv",
          "checksum": "4165bf937e02a1ec7cf4373d6ad7c8b1"
        },
        {
          "type": "icon",
          "assetId": "gQuhtMPvvD_",
          "checksum": "8187f8413bd940b0ca012d666e019083"
        },
        {
          "type": "icon",
          "assetId": "CHBWc4ULB",
          "checksum": "07f3c863c68ee670e026897bc249f79c"
        },
        {
          "type": "icon",
          "assetId": "bKrlKePt1s",
          "checksum": "6fa2ca3eae3d90612a643a75df213916"
        },
        {
          "type": "icon",
          "assetId": "BFWMw0OAhM",
          "checksum": "01712285cb7e68bcd8ef342b0a2e5ca3"
        },
        {
          "type": "icon",
          "assetId": "XJof56yAyP",
          "checksum": "cafa487032f53c56188d8ade5bf6821c"
        },
        {
          "type": "image",
          "assetId": "zCD9nxc0O",
          "checksum": "9d2966d4278dd528d63c11d1d539fa3a"
        },
        {
          "type": "image",
          "assetId": "R5Kd9qWi24I",
          "checksum": "67ce633f47ec9bee0f5e679a05136c0f"
        },
        {
          "type": "image",
          "assetId": "JOiMvfCgs8W",
          "checksum": "62f55f53a0b884f027fd103a719f4ef4"
        },
        {
          "type": "icon",
          "assetId": "oUB_LRSSgs",
          "checksum": "6cb062adf3fcf2bb2453c5fe7ac91f82"
        },
        {
          "type": "renderModule",
          "assetId": "oSXCQ8ez26",
          "checksum": "d636524bac1878232746b49bed6b0231"
        },
        {
          "type": "cssRules",
          "assetId": "oSXCQ8ez26",
          "checksum": "d636524bac1878232746b49bed6b0231"
        },
        {
          "type": "image",
          "assetId": "9HQSyxke-",
          "checksum": "e578be1787eca271497e4024ed2e5306"
        },
        {
          "type": "image",
          "assetId": "B3LtWjF49",
          "checksum": "d117ddaa6e344d7d590334f96a6a3f7b"
        },
        {
          "type": "renderModule",
          "assetId": "4t9Lx1xGXs",
          "checksum": "e603f1b5014bbd922e75ffd78dcfaeb1"
        },
        {
          "type": "cssRules",
          "assetId": "4t9Lx1xGXs",
          "checksum": "e603f1b5014bbd922e75ffd78dcfaeb1"
        },
        {
          "type": "renderModule",
          "assetId": "Pzz-_WqNylx",
          "checksum": "4f7cc942076aeafb1d5a87eb740070e8"
        },
        {
          "type": "cssRules",
          "assetId": "Pzz-_WqNylx",
          "checksum": "4f7cc942076aeafb1d5a87eb740070e8"
        },
        {
          "type": "image",
          "assetId": "eSQzAuv1i",
          "checksum": "297beb0cc25fde10876184a1b0e71105"
        },
        {
          "type": "image",
          "assetId": "sVLj9HPCG",
          "checksum": "eac676de0745c41640f4006daf543b1e"
        },
        {
          "type": "image",
          "assetId": "aYs6enUuj",
          "checksum": "48e6c52d4037068eb2c43331852172b6"
        },
        {
          "type": "image",
          "assetId": "uneR0OkrA",
          "checksum": "33f2116c8e137a174875bd76d21abda4"
        },
        {
          "type": "image",
          "assetId": "gV6-7uXTi",
          "checksum": "be208549debc5b09823a6120d958197c"
        },
        {
          "type": "image",
          "assetId": "n5e9rn6nN",
          "checksum": "ca36d03e2f10f0e5f28b37c02670c62b"
        },
        {
          "type": "renderModule",
          "assetId": "eZig3v-AJ7",
          "checksum": "6fa451cb8592a8337574a8756a9c0a01"
        },
        {
          "type": "cssRules",
          "assetId": "eZig3v-AJ7",
          "checksum": "6fa451cb8592a8337574a8756a9c0a01"
        },
        {
          "type": "image",
          "assetId": "BtkiU9MPF1",
          "checksum": "ccf7a90ef74cdf828f9b1f16abc7a5f1"
        },
        {
          "type": "image",
          "assetId": "cm7bF_hgFe",
          "checksum": "56dae592049cebb68b997c1dd82ad00f"
        },
        {
          "type": "renderModule",
          "assetId": "lzrj0EFvzjD",
          "checksum": "b7e698a63ae7a72e1204b4cd3d45c17a"
        },
        {
          "type": "cssRules",
          "assetId": "lzrj0EFvzjD",
          "checksum": "b7e698a63ae7a72e1204b4cd3d45c17a"
        },
        {
          "type": "renderModule",
          "assetId": "hVy-CJexZCU",
          "checksum": "499dc5f8666881633927e5f6fe0e27d9"
        },
        {
          "type": "cssRules",
          "assetId": "hVy-CJexZCU",
          "checksum": "499dc5f8666881633927e5f6fe0e27d9"
        },
        {
          "type": "image",
          "assetId": "gLc33SViJ",
          "checksum": "5c91f84868fa2b38e916aad8c65fd7a5"
        },
        {
          "type": "renderModule",
          "assetId": "yl_7FX-no3",
          "checksum": "dce4541f97ac22a37011335e82e5c9bf"
        },
        {
          "type": "cssRules",
          "assetId": "yl_7FX-no3",
          "checksum": "dce4541f97ac22a37011335e82e5c9bf"
        },
        {
          "type": "renderModule",
          "assetId": "en6sGenXXJ",
          "checksum": "b88add887480a6de5b5b0fb9fad5adbf"
        },
        {
          "type": "cssRules",
          "assetId": "en6sGenXXJ",
          "checksum": "b88add887480a6de5b5b0fb9fad5adbf"
        },
        {
          "type": "renderModule",
          "assetId": "9pj4k2Np_V6",
          "checksum": "5cac52cded861b35c8b1fdf1a2f21305"
        },
        {
          "type": "cssRules",
          "assetId": "9pj4k2Np_V6",
          "checksum": "5cac52cded861b35c8b1fdf1a2f21305"
        },
        {
          "type": "image",
          "assetId": "CkfWY1O18",
          "checksum": "248acad3f18d9eea97337d1caf5c2899"
        },
        {
          "type": "renderModule",
          "assetId": "-PLz2ilC-Zc",
          "checksum": "e371ed32362b64da0cb19b0f1624af3f"
        },
        {
          "type": "cssRules",
          "assetId": "-PLz2ilC-Zc",
          "checksum": "e371ed32362b64da0cb19b0f1624af3f"
        },
        {
          "type": "renderModule",
          "assetId": "06rRaje_XQa",
          "checksum": "5ad3de72d5352051294615b490eeadc6"
        },
        {
          "type": "cssRules",
          "assetId": "06rRaje_XQa",
          "checksum": "5ad3de72d5352051294615b490eeadc6"
        },
        {
          "type": "renderModule",
          "assetId": "iw-eFb-beX",
          "checksum": "9035bbeeccf7653cd7a7eafdff2ec0b1"
        },
        {
          "type": "cssRules",
          "assetId": "iw-eFb-beX",
          "checksum": "9035bbeeccf7653cd7a7eafdff2ec0b1"
        },
        {
          "type": "renderModule",
          "assetId": "6aKy4XMcUD",
          "checksum": "aad8f2f1ab7b1b2a034ae8de0592be46"
        },
        {
          "type": "cssRules",
          "assetId": "6aKy4XMcUD",
          "checksum": "aad8f2f1ab7b1b2a034ae8de0592be46"
        },
        {
          "type": "renderModule",
          "assetId": "mnEoyzyDnh9",
          "checksum": "07f21293ee107b109beca6dc3e312316"
        },
        {
          "type": "cssRules",
          "assetId": "mnEoyzyDnh9",
          "checksum": "07f21293ee107b109beca6dc3e312316"
        },
        {
          "type": "renderModule",
          "assetId": "GfOnuJJfzl",
          "checksum": "c82c37d81d5e7d3d8a1ef118989751b2"
        },
        {
          "type": "cssRules",
          "assetId": "GfOnuJJfzl",
          "checksum": "c82c37d81d5e7d3d8a1ef118989751b2"
        },
        {
          "type": "renderModule",
          "assetId": "gxqULl1fJ4I",
          "checksum": "d08d715499ebb6978142826eb969deac"
        },
        {
          "type": "cssRules",
          "assetId": "gxqULl1fJ4I",
          "checksum": "d08d715499ebb6978142826eb969deac"
        },
        {
          "type": "icon",
          "assetId": "-qhPAIKQzS8",
          "checksum": "7300b087f00d33c0d98457bfaea22e13"
        },
        {
          "type": "icon",
          "assetId": "4oAEIGXQW5W",
          "checksum": "b10b5adb1a023e5f4dfb77a260cae6f0"
        },
        {
          "type": "image",
          "assetId": "h0YtZTpqU",
          "checksum": "80a3a5b24760829a0b1e099fa20595e4"
        },
        {
          "type": "renderModule",
          "assetId": "J0RfGE8oivh",
          "checksum": "20027e2810622eacfa5159bf01d5eaef"
        },
        {
          "type": "cssRules",
          "assetId": "J0RfGE8oivh",
          "checksum": "20027e2810622eacfa5159bf01d5eaef"
        },
        {
          "assetId": "5GT6nVB5WgvLWb2iBXTk1E",
          "type": "projectCss",
          "checksum": "cfea72134bd48270264b078cdca275d3"
        }
      ]
    }
  ],
  "cliVersion": "0.1.166"
}
